
Microsoft Visual Studio Solution File, Format Version 12.00
# Visual Studio Version 17
VisualStudioVersion = 17.6.33801.468
MinimumVisualStudioVersion = 10.0.40219.1
Project("{FAE04EC0-301F-11D3-BF4B-00C04F79EFBC}") = "Ejercicio 1", "Ejercicio 1\Ejercicio 1.csproj", "{88C07F61-0F76-4F17-99A4-FF78A908563E}"
EndProject
Global
	GlobalSection(SolutionConfigurationPlatforms) = preSolution
		Debug|Any CPU = Debug|Any CPU
		Release|Any CPU = Release|Any CPU
	EndGlobalSection
	GlobalSection(ProjectConfigurationPlatforms) = postSolution
		{88C07F61-0F76-4F17-99A4-FF78A908563E}.Debug|Any CPU.ActiveCfg = Debug|Any CPU
		{88C07F61-0F76-4F17-99A4-FF78A908563E}.Debug|Any CPU.Build.0 = Debug|Any CPU
		{88C07F61-0F76-4F17-99A4-FF78A908563E}.Release|Any CPU.ActiveCfg = Release|Any CPU
		{88C07F61-0F76-4F17-99A4-FF78A908563E}.Release|Any CPU.Build.0 = Release|Any CPU
	EndGlobalSection
	GlobalSection(SolutionProperties) = preSolution
		HideSolutionNode = FALSE
	EndGlobalSection
	GlobalSection(ExtensibilityGlobals) = postSolution
		SolutionGuid = {BF5F09C7-CA2C-4A32-81B6-8C94C1D9B9CC}
	EndGlobalSection
EndGlobal
